sonata_block:
    context_manager: sonata.page.block.context_manager
    default_contexts: [sonata_page_bundle]
    blocks:
        # enable the SonataAdminBundle block
        sonata.admin.block.admin_list:
            contexts: [admin]
        sonata.block.service.text:
        sonata.block.service.container:
        sonata.block.service.rss:
        sonata.block.service.menu:
        sonata.media.block.media:
        sonata.media.block.gallery:
        sonata.formatter.block.formatter:
        app.sonata.block.menu:
        sonata.page.block.shared_block:
#        sonata.admin.block.search_result:
        sonata.block.service.template:
            contexts:   [admin]

        # PageBundle's Blocks
        sonata.page.block.container:
            contexts:   [admin]

        # my blocks
        sonata.block.gallery: ~
        app.block.header: ~